{
  "pins" : [
    {
      "identity" : "shivalib",
      "kind" : "remoteSourceControl",
      "location" : "https://github.com/UltivicShashi/shivalib",
      "state" : {
        "revision" : "6f93dae55411de038f976a0b7ca8a6aede74d0a2",
        "version" : "1.0.1"
      }
    }
  ],
  "version" : 2
}
